
Microsoft Visual Studio Solution File, Format Version 12.00
# Visual Studio 14
VisualStudioVersion = 14.0.25420.1
MinimumVisualStudioVersion = 10.0.40219.1
Project("{FAE04EC0-301F-11D3-BF4B-00C04F79EFBC}") = "uebung02_events", "uebung02_events\uebung02_events.csproj", "{AAF843FD-C9A3-47A8-82C1-90E89980ABFB}"
EndProject
Global
	GlobalSection(SolutionConfigurationPlatforms) = preSolution
		Debug|Any CPU = Debug|Any CPU
		Release|Any CPU = Release|Any CPU
	EndGlobalSection
	GlobalSection(ProjectConfigurationPlatforms) = postSolution
		{AAF843FD-C9A3-47A8-82C1-90E89980ABFB}.Debug|Any CPU.ActiveCfg = Debug|Any CPU
		{AAF843FD-C9A3-47A8-82C1-90E89980ABFB}.Debug|Any CPU.Build.0 = Debug|Any CPU
		{AAF843FD-C9A3-47A8-82C1-90E89980ABFB}.Release|Any CPU.ActiveCfg = Release|Any CPU
		{AAF843FD-C9A3-47A8-82C1-90E89980ABFB}.Release|Any CPU.Build.0 = Release|Any CPU
	EndGlobalSection
	GlobalSection(SolutionProperties) = preSolution
		HideSolutionNode = FALSE
	EndGlobalSection
EndGlobal
